
Microsoft Visual Studio Solution File, Format Version 12.00
# Visual Studio Version 17
VisualStudioVersion = 17.14.36301.6
MinimumVisualStudioVersion = 10.0.40219.1
Project("{FAE04EC0-301F-11D3-BF4B-00C04F79EFBC}") = "AlloyTicketRequestApi", "AlloyTicketRequestApi\AlloyTicketRequestApi.csproj", "{7112B1FA-B692-45E3-A280-8178B78184A0}"
EndProject
Global
	GlobalSection(SolutionConfigurationPlatforms) = preSolution
		Debug|Any CPU = Debug|Any CPU
		Release|Any CPU = Release|Any CPU
	EndGlobalSection
	GlobalSection(ProjectConfigurationPlatforms) = postSolution
		{7112B1FA-B692-45E3-A280-8178B78184A0}.Debug|Any CPU.ActiveCfg = Debug|Any CPU
		{7112B1FA-B692-45E3-A280-8178B78184A0}.Debug|Any CPU.Build.0 = Debug|Any CPU
		{7112B1FA-B692-45E3-A280-8178B78184A0}.Release|Any CPU.ActiveCfg = Release|Any CPU
		{7112B1FA-B692-45E3-A280-8178B78184A0}.Release|Any CPU.Build.0 = Release|Any CPU
	EndGlobalSection
	GlobalSection(SolutionProperties) = preSolution
		HideSolutionNode = FALSE
	EndGlobalSection
	GlobalSection(ExtensibilityGlobals) = postSolution
		SolutionGuid = {0828AE55-3463-46E1-800D-5BC683C3A3AC}
	EndGlobalSection
EndGlobal
